
Microsoft Visual Studio Solution File, Format Version 12.00
# Visual Studio Version 16
VisualStudioVersion = 16.0.33801.447
MinimumVisualStudioVersion = 10.0.40219.1
Project("{FAE04EC0-301F-11D3-BF4B-00C04F79EFBC}") = "presentation", "presentation\presentation.csproj", "{EA248975-1CE6-4796-8325-3490CD147DD4}"
EndProject
Project("{FAE04EC0-301F-11D3-BF4B-00C04F79EFBC}") = "DAL", "DAL\DAL.csproj", "{21E64D29-904A-4769-9A59-78432F527EAA}"
EndProject
Project("{FAE04EC0-301F-11D3-BF4B-00C04F79EFBC}") = "Model", "Model\Model.csproj", "{B0678139-63E7-4234-BDC0-129FBD263716}"
EndProject
Project("{FAE04EC0-301F-11D3-BF4B-00C04F79EFBC}") = "WebService", "WebService\WebService.csproj", "{A694617D-8793-4069-8676-B1DE3DB94AB2}"
EndProject
Global
	GlobalSection(SolutionConfigurationPlatforms) = preSolution
		Debug|Any CPU = Debug|Any CPU
		Release|Any CPU = Release|Any CPU
	EndGlobalSection
	GlobalSection(ProjectConfigurationPlatforms) = postSolution
		{EA248975-1CE6-4796-8325-3490CD147DD4}.Debug|Any CPU.ActiveCfg = Debug|Any CPU
		{EA248975-1CE6-4796-8325-3490CD147DD4}.Debug|Any CPU.Build.0 = Debug|Any CPU
		{EA248975-1CE6-4796-8325-3490CD147DD4}.Release|Any CPU.ActiveCfg = Release|Any CPU
		{EA248975-1CE6-4796-8325-3490CD147DD4}.Release|Any CPU.Build.0 = Release|Any CPU
		{21E64D29-904A-4769-9A59-78432F527EAA}.Debug|Any CPU.ActiveCfg = Debug|Any CPU
		{21E64D29-904A-4769-9A59-78432F527EAA}.Debug|Any CPU.Build.0 = Debug|Any CPU
		{21E64D29-904A-4769-9A59-78432F527EAA}.Release|Any CPU.ActiveCfg = Release|Any CPU
		{21E64D29-904A-4769-9A59-78432F527EAA}.Release|Any CPU.Build.0 = Release|Any CPU
		{B0678139-63E7-4234-BDC0-129FBD263716}.Debug|Any CPU.ActiveCfg = Debug|Any CPU
		{B0678139-63E7-4234-BDC0-129FBD263716}.Debug|Any CPU.Build.0 = Debug|Any CPU
		{B0678139-63E7-4234-BDC0-129FBD263716}.Release|Any CPU.ActiveCfg = Release|Any CPU
		{B0678139-63E7-4234-BDC0-129FBD263716}.Release|Any CPU.Build.0 = Release|Any CPU
		{A694617D-8793-4069-8676-B1DE3DB94AB2}.Debug|Any CPU.ActiveCfg = Debug|Any CPU
		{A694617D-8793-4069-8676-B1DE3DB94AB2}.Debug|Any CPU.Build.0 = Debug|Any CPU
		{A694617D-8793-4069-8676-B1DE3DB94AB2}.Release|Any CPU.ActiveCfg = Release|Any CPU
		{A694617D-8793-4069-8676-B1DE3DB94AB2}.Release|Any CPU.Build.0 = Release|Any CPU
	EndGlobalSection
	GlobalSection(SolutionProperties) = preSolution
		HideSolutionNode = FALSE
	EndGlobalSection
	GlobalSection(ExtensibilityGlobals) = postSolution
		SolutionGuid = {0F5F5C86-48BF-45BE-AC78-06ADA65C035E}
	EndGlobalSection
EndGlobal
